github.com/guptarohit/asciigraph v0.7.3 h1:p05XDDn7cBTWiBqWb30mrwxd6oU0claAjqeytllnsPY=
github.com/guptarohit/asciigraph v0.7.3/go.mod h1:dYl5wwK4gNsnFf9Zp+l06rFiDZ5YtXM6x7SRWZ3KGag=
github.com/tuckersGo/musthaveGo2/ch14/expkg v0.0.0-20240909140639-7b5a3ed5c934 h1:OSZkTzncKx0d6LsEwTBG//EB+UescHet6LljxpJxPtA=
github.com/tuckersGo/musthaveGo2/ch14/expkg v0.0.0-20240909140639-7b5a3ed5c934/go.mod h1:/SaRmT6jB4UVXfz00/lqOySuSqtMNcYF4jpgEMgXmwg=
